<?xml version="1.0" encoding="UTF-8" standalone="yes" ?>
<CodeBlocks_project_file>
	<FileVersion major="1" minor="6" />
	<Project>
		<Option title="IntegradorC" />
		<Option pch_mode="2" />
		<Option compiler="gcc" />
		<Build>
			<Target title="Debug">
				<Option output="bin/Debug/IntegradorC" prefix_auto="1" extension_auto="1" />
				<Option object_output="obj/Debug/" />
				<Option type="1" />
				<Option compiler="gcc" />
				<Compiler>
					<Add option="-g" />
				</Compiler>
			</Target>
			<Target title="Release">
				<Option output="bin/Release/IntegradorC" prefix_auto="1" extension_auto="1" />
				<Option object_output="obj/Release/" />
				<Option type="1" />
				<Option compiler="gcc" />
				<Compiler>
					<Add option="-O2" />
				</Compiler>
				<Linker>
					<Add option="-s" />
				</Linker>
			</Target>
		</Build>
		<Compiler>
			<Add option="-Wall" />
		</Compiler>
		<Unit filename="Bibliotecas/CItemMenu.c">
			<Option compilerVar="CC" />
		</Unit>
		<Unit filename="Bibliotecas/CItemMenu.h" />
		<Unit filename="Bibliotecas/Fecha.c">
			<Option compilerVar="CC" />
		</Unit>
		<Unit filename="Bibliotecas/Fecha.h" />
		<Unit filename="Bibliotecas/Tipos.c">
			<Option compilerVar="CC" />
		</Unit>
		<Unit filename="Bibliotecas/Tipos.h" />
		<Unit filename="Bibliotecas/mstring.c">
			<Option compilerVar="CC" />
		</Unit>
		<Unit filename="Bibliotecas/mstring.h" />
		<Unit filename="Bibliotecas/xplatform/XPlatform.c">
			<Option compilerVar="CC" />
		</Unit>
		<Unit filename="Bibliotecas/xplatform/XPlatform.h" />
		<Unit filename="Tests/Tests.c">
			<Option compilerVar="CC" />
		</Unit>
		<Unit filename="Tests/Tests.h" />
		<Unit filename="Tests/TestsCadenas.c">
			<Option compilerVar="CC" />
		</Unit>
		<Unit filename="Tests/TestsCadenas.h" />
		<Unit filename="Tests/TestsFechas.c">
			<Option compilerVar="CC" />
		</Unit>
		<Unit filename="Tests/TestsFechas.h" />
		<Unit filename="Tests/TestsTipos.h" />
		<Unit filename="main.c">
			<Option compilerVar="CC" />
		</Unit>
		<Extensions>
			<code_completion />
			<envvars />
			<debugger />
			<lib_finder disable_auto="1" />
		</Extensions>
	</Project>
</CodeBlocks_project_file>
